{
    "name": "yushaku-one-dark-theme",
    "version": "0.0.1",
    "lockfileVersion": 2,
    "requires": true,
    "packages": {
        "": {
            "name": "yushaku-one-dark-theme",
            "version": "0.0.1",
            "engines": {
                "vscode": "^1.69.0"
            }
        }
    }
}
